# THIS IS AN AUTOGENERATED FILE. DO NOT EDIT THIS FILE DIRECTLY.
# yarn lockfile v1


friendly-pow@^0.1.3:
  version "0.1.3"
  resolved "https://registry.yarnpkg.com/friendly-pow/-/friendly-pow-0.1.3.tgz#e424a235c14a3f9033ec395d77c7151a1c1cbdc9"
  integrity sha512-6zy07yVOpdUPDJtnQZb/oVW3tOyGs4eS9hnkVc6urudyGVz5We65UJDP1smsIaFYNAgbH0l3PEk/ucqikOZv/w==
